
Microsoft Visual Studio Solution File, Format Version 12.00
# Visual Studio Version 17
VisualStudioVersion = 17.14.36212.18
MinimumVisualStudioVersion = 10.0.40219.1
Project("{2150E333-8FDC-42A3-9474-1A3956D46DE8}") = "Services", "Services", "{02EA681E-C7D8-13C7-8484-4AC65E1B71E8}"
EndProject
Project("{2150E333-8FDC-42A3-9474-1A3956D46DE8}") = "Store", "Store", "{12BBB1C5-83E2-44D2-9DEA-03DF9FB9DD32}"
EndProject
Project("{2150E333-8FDC-42A3-9474-1A3956D46DE8}") = "Order", "Order", "{6DA7D4A2-68DD-4140-A0A1-F77C85B86453}"
EndProject
Project("{2150E333-8FDC-42A3-9474-1A3956D46DE8}") = "Payment", "Payment", "{36511618-835B-4C26-A8F4-A4D7826A05E7}"
EndProject
Project("{FAE04EC0-301F-11D3-BF4B-00C04F79EFBC}") = "Order.API", "Services\Order\Order.API\Order.API.csproj", "{76972EDE-C75C-CD7B-2F1D-01A430F8CA72}"
EndProject
Project("{FAE04EC0-301F-11D3-BF4B-00C04F79EFBC}") = "Order.Data", "Services\Order\Order.Data\Order.Data.csproj", "{B585998E-EAFF-7B3F-D81D-4849FE69114D}"
EndProject
Project("{FAE04EC0-301F-11D3-BF4B-00C04F79EFBC}") = "Order.Domain", "Services\Order\Order.Domain\Order.Domain.csproj", "{930BF318-FA5F-183E-3F35-AF6B8377CC9C}"
EndProject
Project("{FAE04EC0-301F-11D3-BF4B-00C04F79EFBC}") = "Order.UnitTest", "Services\Order\Order.UnitTest\Order.UnitTest.csproj", "{67C9B7B3-B038-DB90-11A2-C39F2D175282}"
EndProject
Project("{FAE04EC0-301F-11D3-BF4B-00C04F79EFBC}") = "Payment.API", "Services\Payment\Payment.API\Payment.API.csproj", "{BA9E00D5-3AF6-CF08-F3C8-1077969EB128}"
EndProject
Project("{FAE04EC0-301F-11D3-BF4B-00C04F79EFBC}") = "Payment.Data", "Services\Payment\Payment.Data\Payment.Data.csproj", "{EB4DD273-3C2C-0705-2A77-E7081E61C65F}"
EndProject
Project("{FAE04EC0-301F-11D3-BF4B-00C04F79EFBC}") = "Payment.Domain", "Services\Payment\Payment.Domain\Payment.Domain.csproj", "{1C3D68AC-2DD6-F647-0B32-302D1F633B96}"
EndProject
Project("{FAE04EC0-301F-11D3-BF4B-00C04F79EFBC}") = "Payment.DTO", "Services\Payment\Payment.DTO\Payment.DTO.csproj", "{A4A8B3B3-F21C-5890-BE3A-7EDC54D312B6}"
EndProject
Project("{FAE04EC0-301F-11D3-BF4B-00C04F79EFBC}") = "Payment.UnitTest", "Services\Payment\Payment.UnitTest\Payment.UnitTest.csproj", "{D2F7FE2B-A641-08A4-85D4-210269AC82BF}"
EndProject
Project("{FAE04EC0-301F-11D3-BF4B-00C04F79EFBC}") = "Store.API", "Services\Store\Store.API\Store.API.csproj", "{8371733D-49FA-4423-8A6F-DB154038EC38}"
EndProject
Project("{FAE04EC0-301F-11D3-BF4B-00C04F79EFBC}") = "Store.Data", "Services\Store\Store.Data\Store.Data.csproj", "{5B402A2D-30A7-3B39-32EB-4CF21E5066B7}"
EndProject
Project("{FAE04EC0-301F-11D3-BF4B-00C04F79EFBC}") = "Store.Domain", "Services\Store\Store.Domain\Store.Domain.csproj", "{FB871992-8184-94B3-CB27-D5C059C1EE31}"
EndProject
Project("{FAE04EC0-301F-11D3-BF4B-00C04F79EFBC}") = "Store.UnitTest", "Services\Store\Store.UnitTest\Store.UnitTest.csproj", "{6B05DF8F-8287-4119-F452-3EC120652010}"
EndProject
Global
	GlobalSection(SolutionConfigurationPlatforms) = preSolution
		Debug|Any CPU = Debug|Any CPU
		Release|Any CPU = Release|Any CPU
	EndGlobalSection
	GlobalSection(ProjectConfigurationPlatforms) = postSolution
		{76972EDE-C75C-CD7B-2F1D-01A430F8CA72}.Debug|Any CPU.ActiveCfg = Debug|Any CPU
		{76972EDE-C75C-CD7B-2F1D-01A430F8CA72}.Debug|Any CPU.Build.0 = Debug|Any CPU
		{76972EDE-C75C-CD7B-2F1D-01A430F8CA72}.Release|Any CPU.ActiveCfg = Release|Any CPU
		{76972EDE-C75C-CD7B-2F1D-01A430F8CA72}.Release|Any CPU.Build.0 = Release|Any CPU
		{B585998E-EAFF-7B3F-D81D-4849FE69114D}.Debug|Any CPU.ActiveCfg = Debug|Any CPU
		{B585998E-EAFF-7B3F-D81D-4849FE69114D}.Debug|Any CPU.Build.0 = Debug|Any CPU
		{B585998E-EAFF-7B3F-D81D-4849FE69114D}.Release|Any CPU.ActiveCfg = Release|Any CPU
		{B585998E-EAFF-7B3F-D81D-4849FE69114D}.Release|Any CPU.Build.0 = Release|Any CPU
		{930BF318-FA5F-183E-3F35-AF6B8377CC9C}.Debug|Any CPU.ActiveCfg = Debug|Any CPU
		{930BF318-FA5F-183E-3F35-AF6B8377CC9C}.Debug|Any CPU.Build.0 = Debug|Any CPU
		{930BF318-FA5F-183E-3F35-AF6B8377CC9C}.Release|Any CPU.ActiveCfg = Release|Any CPU
		{930BF318-FA5F-183E-3F35-AF6B8377CC9C}.Release|Any CPU.Build.0 = Release|Any CPU
		{67C9B7B3-B038-DB90-11A2-C39F2D175282}.Debug|Any CPU.ActiveCfg = Debug|Any CPU
		{67C9B7B3-B038-DB90-11A2-C39F2D175282}.Debug|Any CPU.Build.0 = Debug|Any CPU
		{67C9B7B3-B038-DB90-11A2-C39F2D175282}.Release|Any CPU.ActiveCfg = Release|Any CPU
		{67C9B7B3-B038-DB90-11A2-C39F2D175282}.Release|Any CPU.Build.0 = Release|Any CPU
		{BA9E00D5-3AF6-CF08-F3C8-1077969EB128}.Debug|Any CPU.ActiveCfg = Debug|Any CPU
		{BA9E00D5-3AF6-CF08-F3C8-1077969EB128}.Debug|Any CPU.Build.0 = Debug|Any CPU
		{BA9E00D5-3AF6-CF08-F3C8-1077969EB128}.Release|Any CPU.ActiveCfg = Release|Any CPU
		{BA9E00D5-3AF6-CF08-F3C8-1077969EB128}.Release|Any CPU.Build.0 = Release|Any CPU
		{EB4DD273-3C2C-0705-2A77-E7081E61C65F}.Debug|Any CPU.ActiveCfg = Debug|Any CPU
		{EB4DD273-3C2C-0705-2A77-E7081E61C65F}.Debug|Any CPU.Build.0 = Debug|Any CPU
		{EB4DD273-3C2C-0705-2A77-E7081E61C65F}.Release|Any CPU.ActiveCfg = Release|Any CPU
		{EB4DD273-3C2C-0705-2A77-E7081E61C65F}.Release|Any CPU.Build.0 = Release|Any CPU
		{1C3D68AC-2DD6-F647-0B32-302D1F633B96}.Debug|Any CPU.ActiveCfg = Debug|Any CPU
		{1C3D68AC-2DD6-F647-0B32-302D1F633B96}.Debug|Any CPU.Build.0 = Debug|Any CPU
		{1C3D68AC-2DD6-F647-0B32-302D1F633B96}.Release|Any CPU.ActiveCfg = Release|Any CPU
		{1C3D68AC-2DD6-F647-0B32-302D1F633B96}.Release|Any CPU.Build.0 = Release|Any CPU
		{A4A8B3B3-F21C-5890-BE3A-7EDC54D312B6}.Debug|Any CPU.ActiveCfg = Debug|Any CPU
		{A4A8B3B3-F21C-5890-BE3A-7EDC54D312B6}.Debug|Any CPU.Build.0 = Debug|Any CPU
		{A4A8B3B3-F21C-5890-BE3A-7EDC54D312B6}.Release|Any CPU.ActiveCfg = Release|Any CPU
		{A4A8B3B3-F21C-5890-BE3A-7EDC54D312B6}.Release|Any CPU.Build.0 = Release|Any CPU
		{D2F7FE2B-A641-08A4-85D4-210269AC82BF}.Debug|Any CPU.ActiveCfg = Debug|Any CPU
		{D2F7FE2B-A641-08A4-85D4-210269AC82BF}.Debug|Any CPU.Build.0 = Debug|Any CPU
		{D2F7FE2B-A641-08A4-85D4-210269AC82BF}.Release|Any CPU.ActiveCfg = Release|Any CPU
		{D2F7FE2B-A641-08A4-85D4-210269AC82BF}.Release|Any CPU.Build.0 = Release|Any CPU
		{8371733D-49FA-4423-8A6F-DB154038EC38}.Debug|Any CPU.ActiveCfg = Debug|Any CPU
		{8371733D-49FA-4423-8A6F-DB154038EC38}.Debug|Any CPU.Build.0 = Debug|Any CPU
		{8371733D-49FA-4423-8A6F-DB154038EC38}.Release|Any CPU.ActiveCfg = Release|Any CPU
		{8371733D-49FA-4423-8A6F-DB154038EC38}.Release|Any CPU.Build.0 = Release|Any CPU
		{5B402A2D-30A7-3B39-32EB-4CF21E5066B7}.Debug|Any CPU.ActiveCfg = Debug|Any CPU
		{5B402A2D-30A7-3B39-32EB-4CF21E5066B7}.Debug|Any CPU.Build.0 = Debug|Any CPU
		{5B402A2D-30A7-3B39-32EB-4CF21E5066B7}.Release|Any CPU.ActiveCfg = Release|Any CPU
		{5B402A2D-30A7-3B39-32EB-4CF21E5066B7}.Release|Any CPU.Build.0 = Release|Any CPU
		{FB871992-8184-94B3-CB27-D5C059C1EE31}.Debug|Any CPU.ActiveCfg = Debug|Any CPU
		{FB871992-8184-94B3-CB27-D5C059C1EE31}.Debug|Any CPU.Build.0 = Debug|Any CPU
		{FB871992-8184-94B3-CB27-D5C059C1EE31}.Release|Any CPU.ActiveCfg = Release|Any CPU
		{FB871992-8184-94B3-CB27-D5C059C1EE31}.Release|Any CPU.Build.0 = Release|Any CPU
		{6B05DF8F-8287-4119-F452-3EC120652010}.Debug|Any CPU.ActiveCfg = Debug|Any CPU
		{6B05DF8F-8287-4119-F452-3EC120652010}.Debug|Any CPU.Build.0 = Debug|Any CPU
		{6B05DF8F-8287-4119-F452-3EC120652010}.Release|Any CPU.ActiveCfg = Release|Any CPU
		{6B05DF8F-8287-4119-F452-3EC120652010}.Release|Any CPU.Build.0 = Release|Any CPU
	EndGlobalSection
	GlobalSection(SolutionProperties) = preSolution
		HideSolutionNode = FALSE
	EndGlobalSection
	GlobalSection(NestedProjects) = preSolution
		{12BBB1C5-83E2-44D2-9DEA-03DF9FB9DD32} = {02EA681E-C7D8-13C7-8484-4AC65E1B71E8}
		{6DA7D4A2-68DD-4140-A0A1-F77C85B86453} = {02EA681E-C7D8-13C7-8484-4AC65E1B71E8}
		{36511618-835B-4C26-A8F4-A4D7826A05E7} = {02EA681E-C7D8-13C7-8484-4AC65E1B71E8}
		{76972EDE-C75C-CD7B-2F1D-01A430F8CA72} = {6DA7D4A2-68DD-4140-A0A1-F77C85B86453}
		{B585998E-EAFF-7B3F-D81D-4849FE69114D} = {6DA7D4A2-68DD-4140-A0A1-F77C85B86453}
		{930BF318-FA5F-183E-3F35-AF6B8377CC9C} = {6DA7D4A2-68DD-4140-A0A1-F77C85B86453}
		{67C9B7B3-B038-DB90-11A2-C39F2D175282} = {6DA7D4A2-68DD-4140-A0A1-F77C85B86453}
		{BA9E00D5-3AF6-CF08-F3C8-1077969EB128} = {36511618-835B-4C26-A8F4-A4D7826A05E7}
		{EB4DD273-3C2C-0705-2A77-E7081E61C65F} = {36511618-835B-4C26-A8F4-A4D7826A05E7}
		{1C3D68AC-2DD6-F647-0B32-302D1F633B96} = {36511618-835B-4C26-A8F4-A4D7826A05E7}
		{A4A8B3B3-F21C-5890-BE3A-7EDC54D312B6} = {36511618-835B-4C26-A8F4-A4D7826A05E7}
		{D2F7FE2B-A641-08A4-85D4-210269AC82BF} = {36511618-835B-4C26-A8F4-A4D7826A05E7}
		{8371733D-49FA-4423-8A6F-DB154038EC38} = {12BBB1C5-83E2-44D2-9DEA-03DF9FB9DD32}
		{5B402A2D-30A7-3B39-32EB-4CF21E5066B7} = {12BBB1C5-83E2-44D2-9DEA-03DF9FB9DD32}
		{FB871992-8184-94B3-CB27-D5C059C1EE31} = {12BBB1C5-83E2-44D2-9DEA-03DF9FB9DD32}
		{6B05DF8F-8287-4119-F452-3EC120652010} = {12BBB1C5-83E2-44D2-9DEA-03DF9FB9DD32}
	EndGlobalSection
	GlobalSection(ExtensibilityGlobals) = postSolution
		SolutionGuid = {1F983928-EF29-4C94-8C4D-161D82D8C733}
	EndGlobalSection
EndGlobal
